
Microsoft Visual Studio Solution File, Format Version 11.00
# Visual Studio 2010
Project("{F184B08F-C81C-45F6-A57F-5ABD9991F28F}") = "NewApplication", "NewApplication\NewApplication.vbproj", "{16B34F78-C03F-4677-8A22-F06706873504}"
EndProject
Global
	GlobalSection(SolutionConfigurationPlatforms) = preSolution
		Debug|x86 = Debug|x86
		Release|x86 = Release|x86
	EndGlobalSection
	GlobalSection(ProjectConfigurationPlatforms) = postSolution
		{16B34F78-C03F-4677-8A22-F06706873504}.Debug|x86.ActiveCfg = Debug|x86
		{16B34F78-C03F-4677-8A22-F06706873504}.Debug|x86.Build.0 = Debug|x86
		{16B34F78-C03F-4677-8A22-F06706873504}.Release|x86.ActiveCfg = Release|x86
		{16B34F78-C03F-4677-8A22-F06706873504}.Release|x86.Build.0 = Release|x86
	EndGlobalSection
	GlobalSection(SolutionProperties) = preSolution
		HideSolutionNode = FALSE
	EndGlobalSection
EndGlobal
